
Microsoft Visual Studio Solution File, Format Version 12.00
Project("{FAE04EC0-301F-11D3-BF4B-00C04F79EFBC}") = "WizardTea", "WizardTea\WizardTea.csproj", "{B1CC4EC4-E667-4624-A618-CA3714E4B9F7}"
EndProject
Project("{FAE04EC0-301F-11D3-BF4B-00C04F79EFBC}") = "WizardTea.Generator", "WizardTea.Generator\WizardTea.Generator.csproj", "{B9C8612C-4E2E-4AD3-BB25-AC7CD8BC8BF9}"
EndProject
Global
	GlobalSection(SolutionConfigurationPlatforms) = preSolution
		Debug|Any CPU = Debug|Any CPU
		Release|Any CPU = Release|Any CPU
	EndGlobalSection
	GlobalSection(ProjectConfigurationPlatforms) = postSolution
		{B1CC4EC4-E667-4624-A618-CA3714E4B9F7}.Debug|Any CPU.ActiveCfg = Debug|Any CPU
		{B1CC4EC4-E667-4624-A618-CA3714E4B9F7}.Debug|Any CPU.Build.0 = Debug|Any CPU
		{B1CC4EC4-E667-4624-A618-CA3714E4B9F7}.Release|Any CPU.ActiveCfg = Release|Any CPU
		{B1CC4EC4-E667-4624-A618-CA3714E4B9F7}.Release|Any CPU.Build.0 = Release|Any CPU
		{B9C8612C-4E2E-4AD3-BB25-AC7CD8BC8BF9}.Debug|Any CPU.ActiveCfg = Debug|Any CPU
		{B9C8612C-4E2E-4AD3-BB25-AC7CD8BC8BF9}.Debug|Any CPU.Build.0 = Debug|Any CPU
		{B9C8612C-4E2E-4AD3-BB25-AC7CD8BC8BF9}.Release|Any CPU.ActiveCfg = Release|Any CPU
		{B9C8612C-4E2E-4AD3-BB25-AC7CD8BC8BF9}.Release|Any CPU.Build.0 = Release|Any CPU
	EndGlobalSection
EndGlobal
